
Microsoft Visual Studio Solution File, Format Version 12.00
# Visual Studio Version 17
VisualStudioVersion = 17.7.34031.279
MinimumVisualStudioVersion = 10.0.40219.1
Project("{FAE04EC0-301F-11D3-BF4B-00C04F79EFBC}") = "Bulkywebv2", "Bulkywebv2\Bulkywebv2.csproj", "{64794F44-4FA5-4072-ADDB-8C2AB669FCCA}"
EndProject
Global
	GlobalSection(SolutionConfigurationPlatforms) = preSolution
		Debug|Any CPU = Debug|Any CPU
		Release|Any CPU = Release|Any CPU
	EndGlobalSection
	GlobalSection(ProjectConfigurationPlatforms) = postSolution
		{64794F44-4FA5-4072-ADDB-8C2AB669FCCA}.Debug|Any CPU.ActiveCfg = Debug|Any CPU
		{64794F44-4FA5-4072-ADDB-8C2AB669FCCA}.Debug|Any CPU.Build.0 = Debug|Any CPU
		{64794F44-4FA5-4072-ADDB-8C2AB669FCCA}.Release|Any CPU.ActiveCfg = Release|Any CPU
		{64794F44-4FA5-4072-ADDB-8C2AB669FCCA}.Release|Any CPU.Build.0 = Release|Any CPU
	EndGlobalSection
	GlobalSection(SolutionProperties) = preSolution
		HideSolutionNode = FALSE
	EndGlobalSection
	GlobalSection(ExtensibilityGlobals) = postSolution
		SolutionGuid = {1B0B5C8A-C215-4EAF-AA7B-C77BF5B088A6}
	EndGlobalSection
EndGlobal
